
Microsoft Visual Studio Solution File, Format Version 12.00
# Visual Studio 15
Project("{FAE04EC0-301F-11D3-BF4B-00C04F79EFBC}") = "ContosoUniversity", "ContosoUniversity\ContosoUniversity.csproj", "{72C81802-B8C8-43F2-830C-B0EC45FD8818}"
EndProject
Global
	GlobalSection(SolutionConfigurationPlatforms) = preSolution
		Debug|Any CPU = Debug|Any CPU
		Release|Any CPU = Release|Any CPU
	EndGlobalSection
	GlobalSection(ProjectConfigurationPlatforms) = postSolution
		{72C81802-B8C8-43F2-830C-B0EC45FD8818}.Debug|Any CPU.ActiveCfg = Debug|Any CPU
		{72C81802-B8C8-43F2-830C-B0EC45FD8818}.Debug|Any CPU.Build.0 = Debug|Any CPU
		{72C81802-B8C8-43F2-830C-B0EC45FD8818}.Release|Any CPU.ActiveCfg = Release|Any CPU
		{72C81802-B8C8-43F2-830C-B0EC45FD8818}.Release|Any CPU.Build.0 = Release|Any CPU
	EndGlobalSection
EndGlobal
